// !$*UTF8*$!
{
	archiveVersion = 1;
	classes = {
	};
	objectVersion = 50;
	objects = {

/* Begin PBXBuildFile section */
		1C61CFD1140666558D3F7BF7 /* Pods_SigTuple.framework in Frameworks */ = {isa = PBXBuildFile; fileRef = 531F1988B59AD3AC40FD5B47 /* Pods_SigTuple.framework */; };
		79144063F4F27A29703D8199 /* Pods_SigTupleTests.framework in Frameworks */ = {isa = PBXBuildFile; fileRef = E1BC625C497D872F43234820 /* Pods_SigTupleTests.framework */; };
		942ADD69215A330900048769 /* AppDelegate.swift in Sources */ = {isa = PBXBuildFile; fileRef = 942ADD68215A330900048769 /* AppDelegate.swift */; };
		942ADD6B215A330900048769 /* MainViewController.swift in Sources */ = {isa = PBXBuildFile; fileRef = 942ADD6A215A330900048769 /* MainViewController.swift */; };
		942ADD6E215A330900048769 /* Main.storyboard in Resources */ = {isa = PBXBuildFile; fileRef = 942ADD6C215A330900048769 /* Main.storyboard */; };
		942ADD71215A330900048769 /* SigTuple.xcdatamodeld in Sources */ = {isa = PBXBuildFile; fileRef = 942ADD6F215A330900048769 /* SigTuple.xcdatamodeld */; };
		942ADD73215A330A00048769 /* Assets.xcassets in Resources */ = {isa = PBXBuildFile; fileRef = 942ADD72215A330A00048769 /* Assets.xcassets */; };
		942ADD76215A330A00048769 /* LaunchScreen.storyboard in Resources */ = {isa = PBXBuildFile; fileRef = 942ADD74215A330A00048769 /* LaunchScreen.storyboard */; };
		942ADD81215A330B00048769 /* SigTupleTests.swift in Sources */ = {isa = PBXBuildFile; fileRef = 942ADD80215A330B00048769 /* SigTupleTests.swift */; };
		942ADD8C215A330B00048769 /* SigTupleUITests.swift in Sources */ = {isa = PBXBuildFile; fileRef = 942ADD8B215A330B00048769 /* SigTupleUITests.swift */; };
		942ADD9A215A331A00048769 /* NetworkLayer.swift in Sources */ = {isa = PBXBuildFile; fileRef = 942ADD99215A331A00048769 /* NetworkLayer.swift */; };
		942ADD9C215A335400048769 /* Constants.swift in Sources */ = {isa = PBXBuildFile; fileRef = 942ADD9B215A335400048769 /* Constants.swift */; };
		942ADDA2215A3F9D00048769 /* MainViewModel.swift in Sources */ = {isa = PBXBuildFile; fileRef = 942ADDA1215A3F9D00048769 /* MainViewModel.swift */; };
		942ADDAA215A407400048769 /* IssueTableViewCell.swift in Sources */ = {isa = PBXBuildFile; fileRef = 942ADDA8215A407400048769 /* IssueTableViewCell.swift */; };
		942ADDAB215A407400048769 /* IssueTableViewCell.xib in Resources */ = {isa = PBXBuildFile; fileRef = 942ADDA9215A407400048769 /* IssueTableViewCell.xib */; };
		942ADDE8215B018E00048769 /* GithubModel.swift in Sources */ = {isa = PBXBuildFile; fileRef = 942ADDE7215B018E00048769 /* GithubModel.swift */; };
		F224B7FF1C2B9BE282E1D1F9 /* Pods_SigTupleUITests.framework in Frameworks */ = {isa = PBXBuildFile; fileRef = 52D2D9A7C0A2CE19CE593977 /* Pods_SigTupleUITests.framework */; };
/* End PBXBuildFile section */

/* Begin PBXContainerItemProxy section */
		942ADD7D215A330B00048769 /* PBXContainerItemProxy */ = {
			isa = PBXContainerItemProxy;
			containerPortal = 942ADD5D215A330900048769 /* Project object */;
			proxyType = 1;
			remoteGlobalIDString = 942ADD64215A330900048769;
			remoteInfo = SigTuple;
		};
		942ADD88215A330B00048769 /* PBXContainerItemProxy */ = {
			isa = PBXContainerItemProxy;
			containerPortal = 942ADD5D215A330900048769 /* Project object */;
			proxyType = 1;
			remoteGlobalIDString = 942ADD64215A330900048769;
			remoteInfo = SigTuple;
		};
/* End PBXContainerItemProxy section */

/* Begin PBXFileReference section */
		20D0454576C2BF0896241365 /* Pods-SigTuple.debug.xcconfig */ = {isa = PBXFileReference; includeInIndex = 1; lastKnownFileType = text.xcconfig; name = "Pods-SigTuple.debug.xcconfig"; path = "Pods/Target Support Files/Pods-SigTuple/Pods-SigTuple.debug.xcconfig"; sourceTree = "<group>"; };
		52D2D9A7C0A2CE19CE593977 /* Pods_SigTupleUITests.framework */ = {isa = PBXFileReference; explicitFileType = wrapper.framework; includeInIndex = 0; path = Pods_SigTupleUITests.framework; sourceTree = BUILT_PRODUCTS_DIR; };
		531F1988B59AD3AC40FD5B47 /* Pods_SigTuple.framework */ = {isa = PBXFileReference; explicitFileType = wrapper.framework; includeInIndex = 0; path = Pods_SigTuple.framework; sourceTree = BUILT_PRODUCTS_DIR; };
		7665BF4F4E5F22E680FDC508 /* Pods-SigTuple.release.xcconfig */ = {isa = PBXFileReference; includeInIndex = 1; lastKnownFileType = text.xcconfig; name = "Pods-SigTuple.release.xcconfig"; path = "Pods/Target Support Files/Pods-SigTuple/Pods-SigTuple.release.xcconfig"; sourceTree = "<group>"; };
		942ADD65215A330900048769 /* SigTuple.app */ = {isa = PBXFileReference; explicitFileType = wrapper.application; includeInIndex = 0; path = SigTuple.app; sourceTree = BUILT_PRODUCTS_DIR; };
		942ADD68215A330900048769 /* AppDelegate.swift */ = {isa = PBXFileReference; lastKnownFileType = sourcecode.swift; path = AppDelegate.swift; sourceTree = "<group>"; };
		942ADD6A215A330900048769 /* MainViewController.swift */ = {isa = PBXFileReference; lastKnownFileType = sourcecode.swift; path = MainViewController.swift; sourceTree = "<group>"; };
		942ADD6D215A330900048769 /* Base */ = {isa = PBXFileReference; lastKnownFileType = file.storyboard; name = Base; path = Base.lproj/Main.storyboard; sourceTree = "<group>"; };
		942ADD70215A330900048769 /* SigTuple.xcdatamodel */ = {isa = PBXFileReference; lastKnownFileType = wrapper.xcdatamodel; path = SigTuple.xcdatamodel; sourceTree = "<group>"; };
		942ADD72215A330A00048769 /* Assets.xcassets */ = {isa = PBXFileReference; lastKnownFileType = folder.assetcatalog; path = Assets.xcassets; sourceTree = "<group>"; };
		942ADD75215A330A00048769 /* Base */ = {isa = PBXFileReference; lastKnownFileType = file.storyboard; name = Base; path = Base.lproj/LaunchScreen.storyboard; sourceTree = "<group>"; };
		942ADD77215A330A00048769 /* Info.plist */ = {isa = PBXFileReference; lastKnownFileType = text.plist.xml; path = Info.plist; sourceTree = "<group>"; };
		942ADD7C215A330B00048769 /* SigTupleTests.xctest */ = {isa = PBXFileReference; explicitFileType = wrapper.cfbundle; includeInIndex = 0; path = SigTupleTests.xctest; sourceTree = BUILT_PRODUCTS_DIR; };
		942ADD80215A330B00048769 /* SigTupleTests.swift */ = {isa = PBXFileReference; lastKnownFileType = sourcecode.swift; path = SigTupleTests.swift; sourceTree = "<group>"; };
		942ADD82215A330B00048769 /* Info.plist */ = {isa = PBXFileReference; lastKnownFileType = text.plist.xml; path = Info.plist; sourceTree = "<group>"; };
		942ADD87215A330B00048769 /* SigTupleUITests.xctest */ = {isa = PBXFileReference; explicitFileType = wrapper.cfbundle; includeInIndex = 0; path = SigTupleUITests.xctest; sourceTree = BUILT_PRODUCTS_DIR; };
		942ADD8B215A330B00048769 /* SigTupleUITests.swift */ = {isa = PBXFileReference; lastKnownFileType = sourcecode.swift; path = SigTupleUITests.swift; sourceTree = "<group>"; };
		942ADD8D215A330B00048769 /* Info.plist */ = {isa = PBXFileReference; lastKnownFileType = text.plist.xml; path = Info.plist; sourceTree = "<group>"; };
		942ADD99215A331A00048769 /* NetworkLayer.swift */ = {isa = PBXFileReference; lastKnownFileType = sourcecode.swift; path = NetworkLayer.swift; sourceTree = "<group>"; };
		942ADD9B215A335400048769 /* Constants.swift */ = {isa = PBXFileReference; lastKnownFileType = sourcecode.swift; path = Constants.swift; sourceTree = "<group>"; };
		942ADDA1215A3F9D00048769 /* MainViewModel.swift */ = {isa = PBXFileReference; lastKnownFileType = sourcecode.swift; path = MainViewModel.swift; sourceTree = "<group>"; };
		942ADDA8215A407400048769 /* IssueTableViewCell.swift */ = {isa = PBXFileReference; lastKnownFileType = sourcecode.swift; path = IssueTableViewCell.swift; sourceTree = "<group>"; };
		942ADDA9215A407400048769 /* IssueTableViewCell.xib */ = {isa = PBXFileReference; lastKnownFileType = file.xib; path = IssueTableViewCell.xib; sourceTree = "<group>"; };
		942ADDE7215B018E00048769 /* GithubModel.swift */ = {isa = PBXFileReference; lastKnownFileType = sourcecode.swift; path = GithubModel.swift; sourceTree = "<group>"; };
		9E388D4ECB4DA0656174998C /* Pods-SigTupleTests.release.xcconfig */ = {isa = PBXFileReference; includeInIndex = 1; lastKnownFileType = text.xcconfig; name = "Pods-SigTupleTests.release.xcconfig"; path = "Pods/Target Support Files/Pods-SigTupleTests/Pods-SigTupleTests.release.xcconfig"; sourceTree = "<group>"; };
		AE053E18349A9823139B9EF5 /* Pods-SigTupleUITests.debug.xcconfig */ = {isa = PBXFileReference; includeInIndex = 1; lastKnownFileType = text.xcconfig; name = "Pods-SigTupleUITests.debug.xcconfig"; path = "Pods/Target Support Files/Pods-SigTupleUITests/Pods-SigTupleUITests.debug.xcconfig"; sourceTree = "<group>"; };
		E1BC625C497D872F43234820 /* Pods_SigTupleTests.framework */ = {isa = PBXFileReference; explicitFileType = wrapper.framework; includeInIndex = 0; path = Pods_SigTupleTests.framework; sourceTree = BUILT_PRODUCTS_DIR; };
		F1D23700D2A39D89EA0AE2C3 /* Pods-SigTupleUITests.release.xcconfig */ = {isa = PBXFileReference; includeInIndex = 1; lastKnownFileType = text.xcconfig; name = "Pods-SigTupleUITests.release.xcconfig"; path = "Pods/Target Support Files/Pods-SigTupleUITests/Pods-SigTupleUITests.release.xcconfig"; sourceTree = "<group>"; };
		F8C21B0CDED744BDFE5F2D61 /* Pods-SigTupleTests.debug.xcconfig */ = {isa = PBXFileReference; includeInIndex = 1; lastKnownFileType = text.xcconfig; name = "Pods-SigTupleTests.debug.xcconfig"; path = "Pods/Target Support Files/Pods-SigTupleTests/Pods-SigTupleTests.debug.xcconfig"; sourceTree = "<group>"; };
/* End PBXFileReference section */

/* Begin PBXFrameworksBuildPhase section */
		942ADD62215A330900048769 /* Frameworks */ = {
			isa = PBXFrameworksBuildPhase;
			buildActionMask = 2147483647;
			files = (
				1C61CFD1140666558D3F7BF7 /* Pods_SigTuple.framework in Frameworks */,
			);
			runOnlyForDeploymentPostprocessing = 0;
		};
		942ADD79215A330B00048769 /* Frameworks */ = {
			isa = PBXFrameworksBuildPhase;
			buildActionMask = 2147483647;
			files = (
				79144063F4F27A29703D8199 /* Pods_SigTupleTests.framework in Frameworks */,
			);
			runOnlyForDeploymentPostprocessing = 0;
		};
		942ADD84215A330B00048769 /* Frameworks */ = {
			isa = PBXFrameworksBuildPhase;
			buildActionMask = 2147483647;
			files = (
				F224B7FF1C2B9BE282E1D1F9 /* Pods_SigTupleUITests.framework in Frameworks */,
			);
			runOnlyForDeploymentPostprocessing = 0;
		};
/* End PBXFrameworksBuildPhase section */

/* Begin PBXGroup section */
		4073FDD8B5897E23C67DE092 /* Pods */ = {
			isa = PBXGroup;
			children = (
				20D0454576C2BF0896241365 /* Pods-SigTuple.debug.xcconfig */,
				7665BF4F4E5F22E680FDC508 /* Pods-SigTuple.release.xcconfig */,
				F8C21B0CDED744BDFE5F2D61 /* Pods-SigTupleTests.debug.xcconfig */,
				9E388D4ECB4DA0656174998C /* Pods-SigTupleTests.release.xcconfig */,
				AE053E18349A9823139B9EF5 /* Pods-SigTupleUITests.debug.xcconfig */,
				F1D23700D2A39D89EA0AE2C3 /* Pods-SigTupleUITests.release.xcconfig */,
			);
			name = Pods;
			sourceTree = "<group>";
		};
		47E8088EE0E5255AC5AE900A /* Frameworks */ = {
			isa = PBXGroup;
			children = (
				531F1988B59AD3AC40FD5B47 /* Pods_SigTuple.framework */,
				E1BC625C497D872F43234820 /* Pods_SigTupleTests.framework */,
				52D2D9A7C0A2CE19CE593977 /* Pods_SigTupleUITests.framework */,
			);
			name = Frameworks;
			sourceTree = "<group>";
		};
		942ADD5C215A330900048769 = {
			isa = PBXGroup;
			children = (
				942ADD67215A330900048769 /* SigTuple */,
				942ADD7F215A330B00048769 /* SigTupleTests */,
				942ADD8A215A330B00048769 /* SigTupleUITests */,
				942ADD66215A330900048769 /* Products */,
				4073FDD8B5897E23C67DE092 /* Pods */,
				47E8088EE0E5255AC5AE900A /* Frameworks */,
			);
			sourceTree = "<group>";
		};
		942ADD66215A330900048769 /* Products */ = {
			isa = PBXGroup;
			children = (
				942ADD65215A330900048769 /* SigTuple.app */,
				942ADD7C215A330B00048769 /* SigTupleTests.xctest */,
				942ADD87215A330B00048769 /* SigTupleUITests.xctest */,
			);
			name = Products;
			sourceTree = "<group>";
		};
		942ADD67215A330900048769 /* SigTuple */ = {
			isa = PBXGroup;
			children = (
				942ADDA7215A405F00048769 /* View */,
				942ADDA6215A400A00048769 /* ViewModel */,
				942ADDA4215A3FEC00048769 /* HelperFiles */,
				942ADDA3215A3FE300048769 /* Model */,
				942ADD9F215A3ED900048769 /* MainFiles */,
				942ADDA5215A3FF800048769 /* Controller */,
				942ADDA0215A3EEE00048769 /* NetworkLayer */,
			);
			path = SigTuple;
			sourceTree = "<group>";
		};
		942ADD7F215A330B00048769 /* SigTupleTests */ = {
			isa = PBXGroup;
			children = (
				942ADD80215A330B00048769 /* SigTupleTests.swift */,
				942ADD82215A330B00048769 /* Info.plist */,
			);
			path = SigTupleTests;
			sourceTree = "<group>";
		};
		942ADD8A215A330B00048769 /* SigTupleUITests */ = {
			isa = PBXGroup;
			children = (
				942ADD8B215A330B00048769 /* SigTupleUITests.swift */,
				942ADD8D215A330B00048769 /* Info.plist */,
			);
			path = SigTupleUITests;
			sourceTree = "<group>";
		};
		942ADD9F215A3ED900048769 /* MainFiles */ = {
			isa = PBXGroup;
			children = (
				942ADD68215A330900048769 /* AppDelegate.swift */,
				942ADD6C215A330900048769 /* Main.storyboard */,
				942ADD72215A330A00048769 /* Assets.xcassets */,
				942ADD74215A330A00048769 /* LaunchScreen.storyboard */,
				942ADD77215A330A00048769 /* Info.plist */,
				942ADD6F215A330900048769 /* SigTuple.xcdatamodeld */,
			);
			path = MainFiles;
			sourceTree = "<group>";
		};
		942ADDA0215A3EEE00048769 /* NetworkLayer */ = {
			isa = PBXGroup;
			children = (
				942ADD99215A331A00048769 /* NetworkLayer.swift */,
			);
			name = NetworkLayer;
			sourceTree = "<group>";
		};
		942ADDA3215A3FE300048769 /* Model */ = {
			isa = PBXGroup;
			children = (
				942ADDE7215B018E00048769 /* GithubModel.swift */,
			);
			path = Model;
			sourceTree = "<group>";
		};
		942ADDA4215A3FEC00048769 /* HelperFiles */ = {
			isa = PBXGroup;
			children = (
				942ADD9B215A335400048769 /* Constants.swift */,
			);
			path = HelperFiles;
			sourceTree = "<group>";
		};
		942ADDA5215A3FF800048769 /* Controller */ = {
			isa = PBXGroup;
			children = (
				942ADD6A215A330900048769 /* MainViewController.swift */,
			);
			path = Controller;
			sourceTree = "<group>";
		};
		942ADDA6215A400A00048769 /* ViewModel */ = {
			isa = PBXGroup;
			children = (
				942ADDA1215A3F9D00048769 /* MainViewModel.swift */,
			);
			path = ViewModel;
			sourceTree = "<group>";
		};
		942ADDA7215A405F00048769 /* View */ = {
			isa = PBXGroup;
			children = (
				942ADDA8215A407400048769 /* IssueTableViewCell.swift */,
				942ADDA9215A407400048769 /* IssueTableViewCell.xib */,
			);
			path = View;
			sourceTree = "<group>";
		};
/* End PBXGroup section */

/* Begin PBXNativeTarget section */
		942ADD64215A330900048769 /* SigTuple */ = {
			isa = PBXNativeTarget;
			buildConfigurationList = 942ADD90215A330B00048769 /* Build configuration list for PBXNativeTarget "SigTuple" */;
			buildPhases = (
				82910142629B01A3B524D91E /* [CP] Check Pods Manifest.lock */,
				942ADD61215A330900048769 /* Sources */,
				942ADD62215A330900048769 /* Frameworks */,
				942ADD63215A330900048769 /* Resources */,
				79749FACB24B684EC3166A0A /* [CP] Embed Pods Frameworks */,
			);
			buildRules = (
			);
			dependencies = (
			);
			name = SigTuple;
			productName = SigTuple;
			productReference = 942ADD65215A330900048769 /* SigTuple.app */;
			productType = "com.apple.product-type.application";
		};
		942ADD7B215A330B00048769 /* SigTupleTests */ = {
			isa = PBXNativeTarget;
			buildConfigurationList = 942ADD93215A330B00048769 /* Build configuration list for PBXNativeTarget "SigTupleTests" */;
			buildPhases = (
				E0DAA1500BA6E43BBFB34105 /* [CP] Check Pods Manifest.lock */,
				942ADD78215A330B00048769 /* Sources */,
				942ADD79215A330B00048769 /* Frameworks */,
				942ADD7A215A330B00048769 /* Resources */,
			);
			buildRules = (
			);
			dependencies = (
				942ADD7E215A330B00048769 /* PBXTargetDependency */,
			);
			name = SigTupleTests;
			productName = SigTupleTests;
			productReference = 942ADD7C215A330B00048769 /* SigTupleTests.xctest */;
			productType = "com.apple.product-type.bundle.unit-test";
		};
		942ADD86215A330B00048769 /* SigTupleUITests */ = {
			isa = PBXNativeTarget;
			buildConfigurationList = 942ADD96215A330B00048769 /* Build configuration list for PBXNativeTarget "SigTupleUITests" */;
			buildPhases = (
				D0A704642E49658507D201B6 /* [CP] Check Pods Manifest.lock */,
				942ADD83215A330B00048769 /* Sources */,
				942ADD84215A330B00048769 /* Frameworks */,
				942ADD85215A330B00048769 /* Resources */,
			);
			buildRules = (
			);
			dependencies = (
				942ADD89215A330B00048769 /* PBXTargetDependency */,
			);
			name = SigTupleUITests;
			productName = SigTupleUITests;
			productReference = 942ADD87215A330B00048769 /* SigTupleUITests.xctest */;
			productType = "com.apple.product-type.bundle.ui-testing";
		};
/* End PBXNativeTarget section */

/* Begin PBXProject section */
		942ADD5D215A330900048769 /* Project object */ = {
			isa = PBXProject;
			attributes = {
				LastSwiftUpdateCheck = 0940;
				LastUpgradeCheck = 0940;
				ORGANIZATIONNAME = Coffeebeans;
				TargetAttributes = {
					942ADD64215A330900048769 = {
						CreatedOnToolsVersion = 9.4.1;
					};
					942ADD7B215A330B00048769 = {
						CreatedOnToolsVersion = 9.4.1;
						TestTargetID = 942ADD64215A330900048769;
					};
					942ADD86215A330B00048769 = {
						CreatedOnToolsVersion = 9.4.1;
						TestTargetID = 942ADD64215A330900048769;
					};
				};
			};
			buildConfigurationList = 942ADD60215A330900048769 /* Build configuration list for PBXProject "SigTuple" */;
			compatibilityVersion = "Xcode 9.3";
			developmentRegion = en;
			hasScannedForEncodings = 0;
			knownRegions = (
				en,
				Base,
			);
			mainGroup = 942ADD5C215A330900048769;
			productRefGroup = 942ADD66215A330900048769 /* Products */;
			projectDirPath = "";
			projectRoot = "";
			targets = (
				942ADD64215A330900048769 /* SigTuple */,
				942ADD7B215A330B00048769 /* SigTupleTests */,
				942ADD86215A330B00048769 /* SigTupleUITests */,
			);
		};
/* End PBXProject section */

/* Begin PBXResourcesBuildPhase section */
		942ADD63215A330900048769 /* Resources */ = {
			isa = PBXResourcesBuildPhase;
			buildActionMask = 2147483647;
			files = (
				942ADD76215A330A00048769 /* LaunchScreen.storyboard in Resources */,
				942ADD73215A330A00048769 /* Assets.xcassets in Resources */,
				942ADD6E215A330900048769 /* Main.storyboard in Resources */,
				942ADDAB215A407400048769 /* IssueTableViewCell.xib in Resources */,
			);
			runOnlyForDeploymentPostprocessing = 0;
		};
		942ADD7A215A330B00048769 /* Resources */ = {
			isa = PBXResourcesBuildPhase;
			buildActionMask = 2147483647;
			files = (
			);
			runOnlyForDeploymentPostprocessing = 0;
		};
		942ADD85215A330B00048769 /* Resources */ = {
			isa = PBXResourcesBuildPhase;
			buildActionMask = 2147483647;
			files = (
			);
			runOnlyForDeploymentPostprocessing = 0;
		};
/* End PBXResourcesBuildPhase section */

/* Begin PBXShellScriptBuildPhase section */
		79749FACB24B684EC3166A0A /* [CP] Embed Pods Frameworks */ = {
			isa = PBXShellScriptBuildPhase;
			buildActionMask = 2147483647;
			files = (
			);
			inputPaths = (
				"${SRCROOT}/Pods/Target Support Files/Pods-SigTuple/Pods-SigTuple-frameworks.sh",
				"${BUILT_PRODUCTS_DIR}/SDWebImage/SDWebImage.framework",
				"${BUILT_PRODUCTS_DIR}/Toast-Swift/Toast_Swift.framework",
			);
			name = "[CP] Embed Pods Frameworks";
			outputPaths = (
				"${TARGET_BUILD_DIR}/${FRAMEWORKS_FOLDER_PATH}/SDWebImage.framework",
				"${TARGET_BUILD_DIR}/${FRAMEWORKS_FOLDER_PATH}/Toast_Swift.framework",
			);
			runOnlyForDeploymentPostprocessing = 0;
			shellPath = /bin/sh;
			shellScript = "\"${SRCROOT}/Pods/Target Support Files/Pods-SigTuple/Pods-SigTuple-frameworks.sh\"\n";
			showEnvVarsInLog = 0;
		};
		82910142629B01A3B524D91E /* [CP] Check Pods Manifest.lock */ = {
			isa = PBXShellScriptBuildPhase;
			buildActionMask = 2147483647;
			files = (
			);
			inputPaths = (
				"${PODS_PODFILE_DIR_PATH}/Podfile.lock",
				"${PODS_ROOT}/Manifest.lock",
			);
			name = "[CP] Check Pods Manifest.lock";
			outputPaths = (
				"$(DERIVED_FILE_DIR)/Pods-SigTuple-checkManifestLockResult.txt",
			);
			runOnlyForDeploymentPostprocessing = 0;
			shellPath = /bin/sh;
			shellScript = "diff \"${PODS_PODFILE_DIR_PATH}/Podfile.lock\" \"${PODS_ROOT}/Manifest.lock\" > /dev/null\nif [ $? != 0 ] ; then\n    # print error to STDERR\n    echo \"error: The sandbox is not in sync with the Podfile.lock. Run 'pod install' or update your CocoaPods installation.\" >&2\n    exit 1\nfi\n# This output is used by Xcode 'outputs' to avoid re-running this script phase.\necho \"SUCCESS\" > \"${SCRIPT_OUTPUT_FILE_0}\"\n";
			showEnvVarsInLog = 0;
		};
		D0A704642E49658507D201B6 /* [CP] Check Pods Manifest.lock */ = {
			isa = PBXShellScriptBuildPhase;
			buildActionMask = 2147483647;
			files = (
			);
			inputPaths = (
				"${PODS_PODFILE_DIR_PATH}/Podfile.lock",
				"${PODS_ROOT}/Manifest.lock",
			);
			name = "[CP] Check Pods Manifest.lock";
			outputPaths = (
				"$(DERIVED_FILE_DIR)/Pods-SigTupleUITests-checkManifestLockResult.txt",
			);
			runOnlyForDeploymentPostprocessing = 0;
			shellPath = /bin/sh;
			shellScript = "diff \"${PODS_PODFILE_DIR_PATH}/Podfile.lock\" \"${PODS_ROOT}/Manifest.lock\" > /dev/null\nif [ $? != 0 ] ; then\n    # print error to STDERR\n    echo \"error: The sandbox is not in sync with the Podfile.lock. Run 'pod install' or update your CocoaPods installation.\" >&2\n    exit 1\nfi\n# This output is used by Xcode 'outputs' to avoid re-running this script phase.\necho \"SUCCESS\" > \"${SCRIPT_OUTPUT_FILE_0}\"\n";
			showEnvVarsInLog = 0;
		};
		E0DAA1500BA6E43BBFB34105 /* [CP] Check Pods Manifest.lock */ = {
			isa = PBXShellScriptBuildPhase;
			buildActionMask = 2147483647;
			files = (
			);
			inputPaths = (
				"${PODS_PODFILE_DIR_PATH}/Podfile.lock",
				"${PODS_ROOT}/Manifest.lock",
			);
			name = "[CP] Check Pods Manifest.lock";
			outputPaths = (
				"$(DERIVED_FILE_DIR)/Pods-SigTupleTests-checkManifestLockResult.txt",
			);
			runOnlyForDeploymentPostprocessing = 0;
			shellPath = /bin/sh;
			shellScript = "diff \"${PODS_PODFILE_DIR_PATH}/Podfile.lock\" \"${PODS_ROOT}/Manifest.lock\" > /dev/null\nif [ $? != 0 ] ; then\n    # print error to STDERR\n    echo \"error: The sandbox is not in sync with the Podfile.lock. Run 'pod install' or update your CocoaPods installation.\" >&2\n    exit 1\nfi\n# This output is used by Xcode 'outputs' to avoid re-running this script phase.\necho \"SUCCESS\" > \"${SCRIPT_OUTPUT_FILE_0}\"\n";
			showEnvVarsInLog = 0;
		};
/* End PBXShellScriptBuildPhase section */

/* Begin PBXSourcesBuildPhase section */
		942ADD61215A330900048769 /* Sources */ = {
			isa = PBXSourcesBuildPhase;
			buildActionMask = 2147483647;
			files = (
				942ADDE8215B018E00048769 /* GithubModel.swift in Sources */,
				942ADDA2215A3F9D00048769 /* MainViewModel.swift in Sources */,
				942ADD9C215A335400048769 /* Constants.swift in Sources */,
				942ADD9A215A331A00048769 /* NetworkLayer.swift in Sources */,
				942ADD71215A330900048769 /* SigTuple.xcdatamodeld in Sources */,
				942ADD6B215A330900048769 /* MainViewController.swift in Sources */,
				942ADD69215A330900048769 /* AppDelegate.swift in Sources */,
				942ADDAA215A407400048769 /* IssueTableViewCell.swift in Sources */,
			);
			runOnlyForDeploymentPostprocessing = 0;
		};
		942ADD78215A330B00048769 /* Sources */ = {
			isa = PBXSourcesBuildPhase;
			buildActionMask = 2147483647;
			files = (
				942ADD81215A330B00048769 /* SigTupleTests.swift in Sources */,
			);
			runOnlyForDeploymentPostprocessing = 0;
		};
		942ADD83215A330B00048769 /* Sources */ = {
			isa = PBXSourcesBuildPhase;
			buildActionMask = 2147483647;
			files = (
				942ADD8C215A330B00048769 /* SigTupleUITests.swift in Sources */,
			);
			runOnlyForDeploymentPostprocessing = 0;
		};
/* End PBXSourcesBuildPhase section */

/* Begin PBXTargetDependency section */
		942ADD7E215A330B00048769 /* PBXTargetDependency */ = {
			isa = PBXTargetDependency;
			target = 942ADD64215A330900048769 /* SigTuple */;
			targetProxy = 942ADD7D215A330B00048769 /* PBXContainerItemProxy */;
		};
		942ADD89215A330B00048769 /* PBXTargetDependency */ = {
			isa = PBXTargetDependency;
			target = 942ADD64215A330900048769 /* SigTuple */;
			targetProxy = 942ADD88215A330B00048769 /* PBXContainerItemProxy */;
		};
/* End PBXTargetDependency section */

/* Begin PBXVariantGroup section */
		942ADD6C215A330900048769 /* Main.storyboard */ = {
			isa = PBXVariantGroup;
			children = (
				942ADD6D215A330900048769 /* Base */,
			);
			name = Main.storyboard;
			sourceTree = "<group>";
		};
		942ADD74215A330A00048769 /* LaunchScreen.storyboard */ = {
			isa = PBXVariantGroup;
			children = (
				942ADD75215A330A00048769 /* Base */,
			);
			name = LaunchScreen.storyboard;
			sourceTree = "<group>";
		};
/* End PBXVariantGroup section */

/* Begin XCBuildConfiguration section */
		942ADD8E215A330B00048769 /* Debug */ = {
			isa = XCBuildConfiguration;
			buildSettings = {
				ALWAYS_SEARCH_USER_PATHS = NO;
				CLANG_ANALYZER_NONNULL = YES;
				CLANG_ANALYZER_NUMBER_OBJECT_CONVERSION = YES_AGGRESSIVE;
				CLANG_CXX_LANGUAGE_STANDARD = "gnu++14";
				CLANG_CXX_LIBRARY = "libc++";
				CLANG_ENABLE_MODULES = YES;
				CLANG_ENABLE_OBJC_ARC = YES;
				CLANG_ENABLE_OBJC_WEAK = YES;
				CLANG_WARN_BLOCK_CAPTURE_AUTORELEASING = YES;
				CLANG_WARN_BOOL_CONVERSION = YES;
				CLANG_WARN_COMMA = YES;
				CLANG_WARN_CONSTANT_CONVERSION = YES;
				CLANG_WARN_DEPRECATED_OBJC_IMPLEMENTATIONS = YES;
				CLANG_WARN_DIRECT_OBJC_ISA_USAGE = YES_ERROR;
				CLANG_WARN_DOCUMENTATION_COMMENTS = YES;
				CLANG_WARN_EMPTY_BODY = YES;
				CLANG_WARN_ENUM_CONVERSION = YES;
				CLANG_WARN_INFINITE_RECURSION = YES;
				CLANG_WARN_INT_CONVERSION = YES;
				CLANG_WARN_NON_LITERAL_NULL_CONVERSION = YES;
				CLANG_WARN_OBJC_IMPLICIT_RETAIN_SELF = YES;
				CLANG_WARN_OBJC_LITERAL_CONVERSION = YES;
				CLANG_WARN_OBJC_ROOT_CLASS = YES_ERROR;
				CLANG_WARN_RANGE_LOOP_ANALYSIS = YES;
				CLANG_WARN_STRICT_PROTOTYPES = YES;
				CLANG_WARN_SUSPICIOUS_MOVE = YES;
				CLANG_WARN_UNGUARDED_AVAILABILITY = YES_AGGRESSIVE;
				CLANG_WARN_UNREACHABLE_CODE = YES;
				CLANG_WARN__DUPLICATE_METHOD_MATCH = YES;
				CODE_SIGN_IDENTITY = "iPhone Developer";
				COPY_PHASE_STRIP = NO;
				DEBUG_INFORMATION_FORMAT = dwarf;
				ENABLE_STRICT_OBJC_MSGSEND = YES;
				ENABLE_TESTABILITY = YES;
				GCC_C_LANGUAGE_STANDARD = gnu11;
				GCC_DYNAMIC_NO_PIC = NO;
				GCC_NO_COMMON_BLOCKS = YES;
				GCC_OPTIMIZATION_LEVEL = 0;
				GCC_PREPROCESSOR_DEFINITIONS = (
					"DEBUG=1",
					"$(inherited)",
				);
				GCC_WARN_64_TO_32_BIT_CONVERSION = YES;
				GCC_WARN_ABOUT_RETURN_TYPE = YES_ERROR;
				GCC_WARN_UNDECLARED_SELECTOR = YES;
				GCC_WARN_UNINITIALIZED_AUTOS = YES_AGGRESSIVE;
				GCC_WARN_UNUSED_FUNCTION = YES;
				GCC_WARN_UNUSED_VARIABLE = YES;
				IPHONEOS_DEPLOYMENT_TARGET = 11.4;
				MTL_ENABLE_DEBUG_INFO = YES;
				ONLY_ACTIVE_ARCH = YES;
				SDKROOT = iphoneos;
				SWIFT_ACTIVE_COMPILATION_CONDITIONS = DEBUG;
				SWIFT_OPTIMIZATION_LEVEL = "-Onone";
			};
			name = Debug;
		};
		942ADD8F215A330B00048769 /* Release */ = {
			isa = XCBuildConfiguration;
			buildSettings = {
				ALWAYS_SEARCH_USER_PATHS = NO;
				CLANG_ANALYZER_NONNULL = YES;
				CLANG_ANALYZER_NUMBER_OBJECT_CONVERSION = YES_AGGRESSIVE;
				CLANG_CXX_LANGUAGE_STANDARD = "gnu++14";
				CLANG_CXX_LIBRARY = "libc++";
				CLANG_ENABLE_MODULES = YES;
				CLANG_ENABLE_OBJC_ARC = YES;
				CLANG_ENABLE_OBJC_WEAK = YES;
				CLANG_WARN_BLOCK_CAPTURE_AUTORELEASING = YES;
				CLANG_WARN_BOOL_CONVERSION = YES;
				CLANG_WARN_COMMA = YES;
				CLANG_WARN_CONSTANT_CONVERSION = YES;
				CLANG_WARN_DEPRECATED_OBJC_IMPLEMENTATIONS = YES;
				CLANG_WARN_DIRECT_OBJC_ISA_USAGE = YES_ERROR;
				CLANG_WARN_DOCUMENTATION_COMMENTS = YES;
				CLANG_WARN_EMPTY_BODY = YES;
				CLANG_WARN_ENUM_CONVERSION = YES;
				CLANG_WARN_INFINITE_RECURSION = YES;
				CLANG_WARN_INT_CONVERSION = YES;
				CLANG_WARN_NON_LITERAL_NULL_CONVERSION = YES;
				CLANG_WARN_OBJC_IMPLICIT_RETAIN_SELF = YES;
				CLANG_WARN_OBJC_LITERAL_CONVERSION = YES;
				CLANG_WARN_OBJC_ROOT_CLASS = YES_ERROR;
				CLANG_WARN_RANGE_LOOP_ANALYSIS = YES;
				CLANG_WARN_STRICT_PROTOTYPES = YES;
				CLANG_WARN_SUSPICIOUS_MOVE = YES;
				CLANG_WARN_UNGUARDED_AVAILABILITY = YES_AGGRESSIVE;
				CLANG_WARN_UNREACHABLE_CODE = YES;
				CLANG_WARN__DUPLICATE_METHOD_MATCH = YES;
				CODE_SIGN_IDENTITY = "iPhone Developer";
				COPY_PHASE_STRIP = NO;
				DEBUG_INFORMATION_FORMAT = "dwarf-with-dsym";
				ENABLE_NS_ASSERTIONS = NO;
				ENABLE_STRICT_OBJC_MSGSEND = YES;
				GCC_C_LANGUAGE_STANDARD = gnu11;
				GCC_NO_COMMON_BLOCKS = YES;
				GCC_WARN_64_TO_32_BIT_CONVERSION = YES;
				GCC_WARN_ABOUT_RETURN_TYPE = YES_ERROR;
				GCC_WARN_UNDECLARED_SELECTOR = YES;
				GCC_WARN_UNINITIALIZED_AUTOS = YES_AGGRESSIVE;
				GCC_WARN_UNUSED_FUNCTION = YES;
				GCC_WARN_UNUSED_VARIABLE = YES;
				IPHONEOS_DEPLOYMENT_TARGET = 11.4;
				MTL_ENABLE_DEBUG_INFO = NO;
				SDKROOT = iphoneos;
				SWIFT_COMPILATION_MODE = wholemodule;
				SWIFT_OPTIMIZATION_LEVEL = "-O";
				VALIDATE_PRODUCT = YES;
			};
			name = Release;
		};
		942ADD91215A330B00048769 /* Debug */ = {
			isa = XCBuildConfiguration;
			baseConfigurationReference = 20D0454576C2BF0896241365 /* Pods-SigTuple.debug.xcconfig */;
			buildSettings = {
				ASSETCATALOG_COMPILER_APPICON_NAME = AppIcon;
				CODE_SIGN_STYLE = Automatic;
				DEVELOPMENT_TEAM = UX8S7P85XB;
				INFOPLIST_FILE = "$(SRCROOT)/SigTuple/MainFiles/Info.plist";
				LD_RUNPATH_SEARCH_PATHS = (
					"$(inherited)",
					"@executable_path/Frameworks",
				);
				PRODUCT_BUNDLE_IDENTIFIER = com.CoffeeBeans.SigTuple;
				PRODUCT_NAME = "$(TARGET_NAME)";
				SWIFT_VERSION = 4.0;
				TARGETED_DEVICE_FAMILY = "1,2";
			};
			name = Debug;
		};
		942ADD92215A330B00048769 /* Release */ = {
			isa = XCBuildConfiguration;
			baseConfigurationReference = 7665BF4F4E5F22E680FDC508 /* Pods-SigTuple.release.xcconfig */;
			buildSettings = {
				ASSETCATALOG_COMPILER_APPICON_NAME = AppIcon;
				CODE_SIGN_STYLE = Automatic;
				DEVELOPMENT_TEAM = UX8S7P85XB;
				INFOPLIST_FILE = "$(SRCROOT)/SigTuple/MainFiles/Info.plist";
				LD_RUNPATH_SEARCH_PATHS = (
					"$(inherited)",
					"@executable_path/Frameworks",
				);
				PRODUCT_BUNDLE_IDENTIFIER = com.CoffeeBeans.SigTuple;
				PRODUCT_NAME = "$(TARGET_NAME)";
				SWIFT_VERSION = 4.0;
				TARGETED_DEVICE_FAMILY = "1,2";
			};
			name = Release;
		};
		942ADD94215A330B00048769 /* Debug */ = {
			isa = XCBuildConfiguration;
			baseConfigurationReference = F8C21B0CDED744BDFE5F2D61 /* Pods-SigTupleTests.debug.xcconfig */;
			buildSettings = {
				ALWAYS_EMBED_SWIFT_STANDARD_LIBRARIES = YES;
				BUNDLE_LOADER = "$(TEST_HOST)";
				CODE_SIGN_STYLE = Automatic;
				DEVELOPMENT_TEAM = UX8S7P85XB;
				INFOPLIST_FILE = SigTupleTests/Info.plist;
				LD_RUNPATH_SEARCH_PATHS = (
					"$(inherited)",
					"@executable_path/Frameworks",
					"@loader_path/Frameworks",
				);
				PRODUCT_BUNDLE_IDENTIFIER = com.CoffeeBeans.SigTupleTests;
				PRODUCT_NAME = "$(TARGET_NAME)";
				SWIFT_VERSION = 4.0;
				TARGETED_DEVICE_FAMILY = "1,2";
				TEST_HOST = "$(BUILT_PRODUCTS_DIR)/SigTuple.app/SigTuple";
			};
			name = Debug;
		};
		942ADD95215A330B00048769 /* Release */ = {
			isa = XCBuildConfiguration;
			baseConfigurationReference = 9E388D4ECB4DA0656174998C /* Pods-SigTupleTests.release.xcconfig */;
			buildSettings = {
				ALWAYS_EMBED_SWIFT_STANDARD_LIBRARIES = YES;
				BUNDLE_LOADER = "$(TEST_HOST)";
				CODE_SIGN_STYLE = Automatic;
				DEVELOPMENT_TEAM = UX8S7P85XB;
				INFOPLIST_FILE = SigTupleTests/Info.plist;
				LD_RUNPATH_SEARCH_PATHS = (
					"$(inherited)",
					"@executable_path/Frameworks",
					"@loader_path/Frameworks",
				);
				PRODUCT_BUNDLE_IDENTIFIER = com.CoffeeBeans.SigTupleTests;
				PRODUCT_NAME = "$(TARGET_NAME)";
				SWIFT_VERSION = 4.0;
				TARGETED_DEVICE_FAMILY = "1,2";
				TEST_HOST = "$(BUILT_PRODUCTS_DIR)/SigTuple.app/SigTuple";
			};
			name = Release;
		};
		942ADD97215A330B00048769 /* Debug */ = {
			isa = XCBuildConfiguration;
			baseConfigurationReference = AE053E18349A9823139B9EF5 /* Pods-SigTupleUITests.debug.xcconfig */;
			buildSettings = {
				ALWAYS_EMBED_SWIFT_STANDARD_LIBRARIES = YES;
				CODE_SIGN_STYLE = Automatic;
				DEVELOPMENT_TEAM = UX8S7P85XB;
				INFOPLIST_FILE = SigTupleUITests/Info.plist;
				LD_RUNPATH_SEARCH_PATHS = (
					"$(inherited)",
					"@executable_path/Frameworks",
					"@loader_path/Frameworks",
				);
				PRODUCT_BUNDLE_IDENTIFIER = com.CoffeeBeans.SigTupleUITests;
				PRODUCT_NAME = "$(TARGET_NAME)";
				SWIFT_VERSION = 4.0;
				TARGETED_DEVICE_FAMILY = "1,2";
				TEST_TARGET_NAME = SigTuple;
			};
			name = Debug;
		};
		942ADD98215A330B00048769 /* Release */ = {
			isa = XCBuildConfiguration;
			baseConfigurationReference = F1D23700D2A39D89EA0AE2C3 /* Pods-SigTupleUITests.release.xcconfig */;
			buildSettings = {
				ALWAYS_EMBED_SWIFT_STANDARD_LIBRARIES = YES;
				CODE_SIGN_STYLE = Automatic;
				DEVELOPMENT_TEAM = UX8S7P85XB;
				INFOPLIST_FILE = SigTupleUITests/Info.plist;
				LD_RUNPATH_SEARCH_PATHS = (
					"$(inherited)",
					"@executable_path/Frameworks",
					"@loader_path/Frameworks",
				);
				PRODUCT_BUNDLE_IDENTIFIER = com.CoffeeBeans.SigTupleUITests;
				PRODUCT_NAME = "$(TARGET_NAME)";
				SWIFT_VERSION = 4.0;
				TARGETED_DEVICE_FAMILY = "1,2";
				TEST_TARGET_NAME = SigTuple;
			};
			name = Release;
		};
/* End XCBuildConfiguration section */

/* Begin XCConfigurationList section */
		942ADD60215A330900048769 /* Build configuration list for PBXProject "SigTuple" */ = {
			isa = XCConfigurationList;
			buildConfigurations = (
				942ADD8E215A330B00048769 /* Debug */,
				942ADD8F215A330B00048769 /* Release */,
			);
			defaultConfigurationIsVisible = 0;
			defaultConfigurationName = Release;
		};
		942ADD90215A330B00048769 /* Build configuration list for PBXNativeTarget "SigTuple" */ = {
			isa = XCConfigurationList;
			buildConfigurations = (
				942ADD91215A330B00048769 /* Debug */,
				942ADD92215A330B00048769 /* Release */,
			);
			defaultConfigurationIsVisible = 0;
			defaultConfigurationName = Release;
		};
		942ADD93215A330B00048769 /* Build configuration list for PBXNativeTarget "SigTupleTests" */ = {
			isa = XCConfigurationList;
			buildConfigurations = (
				942ADD94215A330B00048769 /* Debug */,
				942ADD95215A330B00048769 /* Release */,
			);
			defaultConfigurationIsVisible = 0;
			defaultConfigurationName = Release;
		};
		942ADD96215A330B00048769 /* Build configuration list for PBXNativeTarget "SigTupleUITests" */ = {
			isa = XCConfigurationList;
			buildConfigurations = (
				942ADD97215A330B00048769 /* Debug */,
				942ADD98215A330B00048769 /* Release */,
			);
			defaultConfigurationIsVisible = 0;
			defaultConfigurationName = Release;
		};
/* End XCConfigurationList section */

/* Begin XCVersionGroup section */
		942ADD6F215A330900048769 /* SigTuple.xcdatamodeld */ = {
			isa = XCVersionGroup;
			children = (
				942ADD70215A330900048769 /* SigTuple.xcdatamodel */,
			);
			currentVersion = 942ADD70215A330900048769 /* SigTuple.xcdatamodel */;
			path = SigTuple.xcdatamodeld;
			sourceTree = "<group>";
			versionGroupType = wrapper.xcdatamodel;
		};
/* End XCVersionGroup section */
	};
	rootObject = 942ADD5D215A330900048769 /* Project object */;
}
